// !$*UTF8*$!
{
	archiveVersion = 1;
	classes = {
	};
	objectVersion = 46;
	objects = {

/* Begin PBXBuildFile section */
		A614202A1D1AD5DC001C0FBD /* Na'vi Keyboard.appex in Embed App Extensions */ = {isa = PBXBuildFile; fileRef = A61420231D1AD5DC001C0FBD /* Na'vi Keyboard.appex */; settings = {ATTRIBUTES = (RemoveHeadersOnCopy, ); }; };
		A6AE8AF71D1AD43E00345E2E /* AppDelegate.swift in Sources */ = {isa = PBXBuildFile; fileRef = A6AE8AF61D1AD43E00345E2E /* AppDelegate.swift */; };
		A6AE8AF91D1AD43E00345E2E /* MainViewController.swift in Sources */ = {isa = PBXBuildFile; fileRef = A6AE8AF81D1AD43E00345E2E /* MainViewController.swift */; };
		A6AE8AFC1D1AD43E00345E2E /* Main.storyboard in Resources */ = {isa = PBXBuildFile; fileRef = A6AE8AFA1D1AD43E00345E2E /* Main.storyboard */; };
		A6AE8AFF1D1AD43E00345E2E /* Na_vi.xcdatamodeld in Sources */ = {isa = PBXBuildFile; fileRef = A6AE8AFD1D1AD43E00345E2E /* Na_vi.xcdatamodeld */; };
		A6AE8B011D1AD43E00345E2E /* Assets.xcassets in Resources */ = {isa = PBXBuildFile; fileRef = A6AE8B001D1AD43E00345E2E /* Assets.xcassets */; };
		A6AE8B041D1AD43E00345E2E /* LaunchScreen.storyboard in Resources */ = {isa = PBXBuildFile; fileRef = A6AE8B021D1AD43E00345E2E /* LaunchScreen.storyboard */; };
		A6AE8B0F1D1AD43E00345E2E /* Na_viTests.swift in Sources */ = {isa = PBXBuildFile; fileRef = A6AE8B0E1D1AD43E00345E2E /* Na_viTests.swift */; };
		A6AE8B1A1D1AD43E00345E2E /* Na_viUITests.swift in Sources */ = {isa = PBXBuildFile; fileRef = A6AE8B191D1AD43E00345E2E /* Na_viUITests.swift */; };
		A6CB92181D1B32050030D414 /* Na'vi Keyboard.swift in Sources */ = {isa = PBXBuildFile; fileRef = A6CB92031D1B32050030D414 /* Na'vi Keyboard.swift */; };
		A6CB921A1D1B32050030D414 /* DefaultKeyboard.swift in Sources */ = {isa = PBXBuildFile; fileRef = A6CB92051D1B32050030D414 /* DefaultKeyboard.swift */; };
		A6CB921B1D1B32050030D414 /* DefaultSettings.swift in Sources */ = {isa = PBXBuildFile; fileRef = A6CB92061D1B32050030D414 /* DefaultSettings.swift */; };
		A6CB921C1D1B32050030D414 /* DefaultSettings.xib in Resources */ = {isa = PBXBuildFile; fileRef = A6CB92071D1B32050030D414 /* DefaultSettings.xib */; };
		A6CB921D1D1B32050030D414 /* DirectionEnum.swift in Sources */ = {isa = PBXBuildFile; fileRef = A6CB92081D1B32050030D414 /* DirectionEnum.swift */; };
		A6CB921E1D1B32050030D414 /* ExtraView.swift in Sources */ = {isa = PBXBuildFile; fileRef = A6CB92091D1B32050030D414 /* ExtraView.swift */; };
		A6CB921F1D1B32050030D414 /* ForwardingView.swift in Sources */ = {isa = PBXBuildFile; fileRef = A6CB920A1D1B32050030D414 /* ForwardingView.swift */; };
		A6CB92201D1B32050030D414 /* ImageKey.swift in Sources */ = {isa = PBXBuildFile; fileRef = A6CB920B1D1B32050030D414 /* ImageKey.swift */; };
		A6CB92211D1B32050030D414 /* Info.plist in Resources */ = {isa = PBXBuildFile; fileRef = A6CB920C1D1B32050030D414 /* Info.plist */; };
		A6CB92221D1B32050030D414 /* KeyboardConnector.swift in Sources */ = {isa = PBXBuildFile; fileRef = A6CB920D1D1B32050030D414 /* KeyboardConnector.swift */; };
		A6CB92231D1B32050030D414 /* KeyboardInputTraits.swift in Sources */ = {isa = PBXBuildFile; fileRef = A6CB920E1D1B32050030D414 /* KeyboardInputTraits.swift */; };
		A6CB92241D1B32050030D414 /* KeyboardKey.swift in Sources */ = {isa = PBXBuildFile; fileRef = A6CB920F1D1B32050030D414 /* KeyboardKey.swift */; };
		A6CB92251D1B32050030D414 /* KeyboardKeyBackground.swift in Sources */ = {isa = PBXBuildFile; fileRef = A6CB92101D1B32050030D414 /* KeyboardKeyBackground.swift */; };
		A6CB92261D1B32050030D414 /* KeyboardLayout.swift in Sources */ = {isa = PBXBuildFile; fileRef = A6CB92111D1B32050030D414 /* KeyboardLayout.swift */; };
		A6CB92271D1B32050030D414 /* KeyboardModel.swift in Sources */ = {isa = PBXBuildFile; fileRef = A6CB92121D1B32050030D414 /* KeyboardModel.swift */; };
		A6CB92281D1B32050030D414 /* KeyboardViewController.swift in Sources */ = {isa = PBXBuildFile; fileRef = A6CB92131D1B32050030D414 /* KeyboardViewController.swift */; };
		A6CB92291D1B32050030D414 /* Media.xcassets in Resources */ = {isa = PBXBuildFile; fileRef = A6CB92141D1B32050030D414 /* Media.xcassets */; };
		A6CB922B1D1B32050030D414 /* Shapes.swift in Sources */ = {isa = PBXBuildFile; fileRef = A6CB92161D1B32050030D414 /* Shapes.swift */; };
		A6CB922C1D1B32050030D414 /* Utilities.swift in Sources */ = {isa = PBXBuildFile; fileRef = A6CB92171D1B32050030D414 /* Utilities.swift */; };
		A6CB92341D1B358E0030D414 /* CQMPHelper.swift in Sources */ = {isa = PBXBuildFile; fileRef = A6CB92301D1B358E0030D414 /* CQMPHelper.swift */; };
		A6CB92351D1B358E0030D414 /* CQMPHelper.swift in Sources */ = {isa = PBXBuildFile; fileRef = A6CB92301D1B358E0030D414 /* CQMPHelper.swift */; };
		A6CB92361D1B358E0030D414 /* CQNSHelper.swift in Sources */ = {isa = PBXBuildFile; fileRef = A6CB92311D1B358E0030D414 /* CQNSHelper.swift */; };
		A6CB92371D1B358E0030D414 /* CQNSHelper.swift in Sources */ = {isa = PBXBuildFile; fileRef = A6CB92311D1B358E0030D414 /* CQNSHelper.swift */; };
		A6CB92381D1B358E0030D414 /* CQStdHelper.swift in Sources */ = {isa = PBXBuildFile; fileRef = A6CB92321D1B358E0030D414 /* CQStdHelper.swift */; };
		A6CB92391D1B358E0030D414 /* CQStdHelper.swift in Sources */ = {isa = PBXBuildFile; fileRef = A6CB92321D1B358E0030D414 /* CQStdHelper.swift */; };
		A6CB923A1D1B358E0030D414 /* CQUIHelper.swift in Sources */ = {isa = PBXBuildFile; fileRef = A6CB92331D1B358E0030D414 /* CQUIHelper.swift */; };
		A6CB923B1D1B358E0030D414 /* CQUIHelper.swift in Sources */ = {isa = PBXBuildFile; fileRef = A6CB92331D1B358E0030D414 /* CQUIHelper.swift */; };
		A6CB923D1D1B64960030D414 /* Dictionary.storyboard in Resources */ = {isa = PBXBuildFile; fileRef = A6CB923C1D1B64960030D414 /* Dictionary.storyboard */; };
		A6CB923F1D1B66C50030D414 /* DictionaryMainViewController.swift in Sources */ = {isa = PBXBuildFile; fileRef = A6CB923E1D1B66C50030D414 /* DictionaryMainViewController.swift */; };
		A6CB92411D1B66DF0030D414 /* NDDictionaryMainTableViewCell.swift in Sources */ = {isa = PBXBuildFile; fileRef = A6CB92401D1B66DF0030D414 /* NDDictionaryMainTableViewCell.swift */; };
		A6CB92461D1B6AEA0030D414 /* NDDictionaryEntry.swift in Sources */ = {isa = PBXBuildFile; fileRef = A6CB92451D1B6AEA0030D414 /* NDDictionaryEntry.swift */; };
		A6CB92471D1B71070030D414 /* DictionaryFile.json in Resources */ = {isa = PBXBuildFile; fileRef = A6CB92431D1B67880030D414 /* DictionaryFile.json */; };
		A6CB92491D1BFFBB0030D414 /* StringScore.swift in Sources */ = {isa = PBXBuildFile; fileRef = A6CB92481D1BFFBB0030D414 /* StringScore.swift */; };
		A6CB924B1D1C5DD30030D414 /* NDDefinitionViewController.swift in Sources */ = {isa = PBXBuildFile; fileRef = A6CB924A1D1C5DD30030D414 /* NDDefinitionViewController.swift */; };
/* End PBXBuildFile section */

/* Begin PBXContainerItemProxy section */
		A61420281D1AD5DC001C0FBD /* PBXContainerItemProxy */ = {
			isa = PBXContainerItemProxy;
			containerPortal = A6AE8AEB1D1AD43E00345E2E /* Project object */;
			proxyType = 1;
			remoteGlobalIDString = A61420221D1AD5DC001C0FBD;
			remoteInfo = "Na'vi Keyboard";
		};
		A6AE8B0B1D1AD43E00345E2E /* PBXContainerItemProxy */ = {
			isa = PBXContainerItemProxy;
			containerPortal = A6AE8AEB1D1AD43E00345E2E /* Project object */;
			proxyType = 1;
			remoteGlobalIDString = A6AE8AF21D1AD43E00345E2E;
			remoteInfo = "Na'vi";
		};
		A6AE8B161D1AD43E00345E2E /* PBXContainerItemProxy */ = {
			isa = PBXContainerItemProxy;
			containerPortal = A6AE8AEB1D1AD43E00345E2E /* Project object */;
			proxyType = 1;
			remoteGlobalIDString = A6AE8AF21D1AD43E00345E2E;
			remoteInfo = "Na'vi";
		};
/* End PBXContainerItemProxy section */

/* Begin PBXCopyFilesBuildPhase section */
		A614202E1D1AD5DC001C0FBD /* Embed App Extensions */ = {
			isa = PBXCopyFilesBuildPhase;
			buildActionMask = 2147483647;
			dstPath = "";
			dstSubfolderSpec = 13;
			files = (
				A614202A1D1AD5DC001C0FBD /* Na'vi Keyboard.appex in Embed App Extensions */,
			);
			name = "Embed App Extensions";
			runOnlyForDeploymentPostprocessing = 0;
		};
/* End PBXCopyFilesBuildPhase section */

/* Begin PBXFileReference section */
		A61420231D1AD5DC001C0FBD /* Na'vi Keyboard.appex */ = {isa = PBXFileReference; explicitFileType = "wrapper.app-extension"; includeInIndex = 0; path = "Na'vi Keyboard.appex"; sourceTree = BUILT_PRODUCTS_DIR; };
		A6AE8AF31D1AD43E00345E2E /* Na'vi.app */ = {isa = PBXFileReference; explicitFileType = wrapper.application; includeInIndex = 0; path = "Na'vi.app"; sourceTree = BUILT_PRODUCTS_DIR; };
		A6AE8AF61D1AD43E00345E2E /* AppDelegate.swift */ = {isa = PBXFileReference; lastKnownFileType = sourcecode.swift; path = AppDelegate.swift; sourceTree = "<group>"; };
		A6AE8AF81D1AD43E00345E2E /* MainViewController.swift */ = {isa = PBXFileReference; lastKnownFileType = sourcecode.swift; path = MainViewController.swift; sourceTree = "<group>"; };
		A6AE8AFB1D1AD43E00345E2E /* Base */ = {isa = PBXFileReference; lastKnownFileType = file.storyboard; name = Base; path = Base.lproj/Main.storyboard; sourceTree = "<group>"; };
		A6AE8AFE1D1AD43E00345E2E /* Na_vi.xcdatamodel */ = {isa = PBXFileReference; lastKnownFileType = wrapper.xcdatamodel; path = Na_vi.xcdatamodel; sourceTree = "<group>"; };
		A6AE8B001D1AD43E00345E2E /* Assets.xcassets */ = {isa = PBXFileReference; lastKnownFileType = folder.assetcatalog; path = Assets.xcassets; sourceTree = "<group>"; };
		A6AE8B031D1AD43E00345E2E /* Base */ = {isa = PBXFileReference; lastKnownFileType = file.storyboard; name = Base; path = Base.lproj/LaunchScreen.storyboard; sourceTree = "<group>"; };
		A6AE8B051D1AD43E00345E2E /* Info.plist */ = {isa = PBXFileReference; lastKnownFileType = text.plist.xml; path = Info.plist; sourceTree = "<group>"; };
		A6AE8B0A1D1AD43E00345E2E /* Na'viTests.xctest */ = {isa = PBXFileReference; explicitFileType = wrapper.cfbundle; includeInIndex = 0; path = "Na'viTests.xctest"; sourceTree = BUILT_PRODUCTS_DIR; };
		A6AE8B0E1D1AD43E00345E2E /* Na_viTests.swift */ = {isa = PBXFileReference; lastKnownFileType = sourcecode.swift; path = Na_viTests.swift; sourceTree = "<group>"; };
		A6AE8B101D1AD43E00345E2E /* Info.plist */ = {isa = PBXFileReference; lastKnownFileType = text.plist.xml; path = Info.plist; sourceTree = "<group>"; };
		A6AE8B151D1AD43E00345E2E /* Na'viUITests.xctest */ = {isa = PBXFileReference; explicitFileType = wrapper.cfbundle; includeInIndex = 0; path = "Na'viUITests.xctest"; sourceTree = BUILT_PRODUCTS_DIR; };
		A6AE8B191D1AD43E00345E2E /* Na_viUITests.swift */ = {isa = PBXFileReference; lastKnownFileType = sourcecode.swift; path = Na_viUITests.swift; sourceTree = "<group>"; };
		A6AE8B1B1D1AD43E00345E2E /* Info.plist */ = {isa = PBXFileReference; lastKnownFileType = text.plist.xml; path = Info.plist; sourceTree = "<group>"; };
		A6CB92031D1B32050030D414 /* Na'vi Keyboard.swift */ = {isa = PBXFileReference; fileEncoding = 4; lastKnownFileType = sourcecode.swift; path = "Na'vi Keyboard.swift"; sourceTree = "<group>"; };
		A6CB92051D1B32050030D414 /* DefaultKeyboard.swift */ = {isa = PBXFileReference; fileEncoding = 4; lastKnownFileType = sourcecode.swift; path = DefaultKeyboard.swift; sourceTree = "<group>"; };
		A6CB92061D1B32050030D414 /* DefaultSettings.swift */ = {isa = PBXFileReference; fileEncoding = 4; lastKnownFileType = sourcecode.swift; path = DefaultSettings.swift; sourceTree = "<group>"; };
		A6CB92071D1B32050030D414 /* DefaultSettings.xib */ = {isa = PBXFileReference; fileEncoding = 4; lastKnownFileType = file.xib; path = DefaultSettings.xib; sourceTree = "<group>"; };
		A6CB92081D1B32050030D414 /* DirectionEnum.swift */ = {isa = PBXFileReference; fileEncoding = 4; lastKnownFileType = sourcecode.swift; path = DirectionEnum.swift; sourceTree = "<group>"; };
		A6CB92091D1B32050030D414 /* ExtraView.swift */ = {isa = PBXFileReference; fileEncoding = 4; lastKnownFileType = sourcecode.swift; path = ExtraView.swift; sourceTree = "<group>"; };
		A6CB920A1D1B32050030D414 /* ForwardingView.swift */ = {isa = PBXFileReference; fileEncoding = 4; lastKnownFileType = sourcecode.swift; path = ForwardingView.swift; sourceTree = "<group>"; };
		A6CB920B1D1B32050030D414 /* ImageKey.swift */ = {isa = PBXFileReference; fileEncoding = 4; lastKnownFileType = sourcecode.swift; path = ImageKey.swift; sourceTree = "<group>"; };
		A6CB920C1D1B32050030D414 /* Info.plist */ = {isa = PBXFileReference; fileEncoding = 4; lastKnownFileType = text.plist.xml; path = Info.plist; sourceTree = "<group>"; };
		A6CB920D1D1B32050030D414 /* KeyboardConnector.swift */ = {isa = PBXFileReference; fileEncoding = 4; lastKnownFileType = sourcecode.swift; path = KeyboardConnector.swift; sourceTree = "<group>"; };
		A6CB920E1D1B32050030D414 /* KeyboardInputTraits.swift */ = {isa = PBXFileReference; fileEncoding = 4; lastKnownFileType = sourcecode.swift; path = KeyboardInputTraits.swift; sourceTree = "<group>"; };
		A6CB920F1D1B32050030D414 /* KeyboardKey.swift */ = {isa = PBXFileReference; fileEncoding = 4; lastKnownFileType = sourcecode.swift; path = KeyboardKey.swift; sourceTree = "<group>"; };
		A6CB92101D1B32050030D414 /* KeyboardKeyBackground.swift */ = {isa = PBXFileReference; fileEncoding = 4; lastKnownFileType = sourcecode.swift; path = KeyboardKeyBackground.swift; sourceTree = "<group>"; };
		A6CB92111D1B32050030D414 /* KeyboardLayout.swift */ = {isa = PBXFileReference; fileEncoding = 4; lastKnownFileType = sourcecode.swift; path = KeyboardLayout.swift; sourceTree = "<group>"; };
		A6CB92121D1B32050030D414 /* KeyboardModel.swift */ = {isa = PBXFileReference; fileEncoding = 4; lastKnownFileType = sourcecode.swift; path = KeyboardModel.swift; sourceTree = "<group>"; };
		A6CB92131D1B32050030D414 /* KeyboardViewController.swift */ = {isa = PBXFileReference; fileEncoding = 4; lastKnownFileType = sourcecode.swift; path = KeyboardViewController.swift; sourceTree = "<group>"; };
		A6CB92141D1B32050030D414 /* Media.xcassets */ = {isa = PBXFileReference; lastKnownFileType = folder.assetcatalog; path = Media.xcassets; sourceTree = "<group>"; };
		A6CB92161D1B32050030D414 /* Shapes.swift */ = {isa = PBXFileReference; fileEncoding = 4; lastKnownFileType = sourcecode.swift; path = Shapes.swift; sourceTree = "<group>"; };
		A6CB92171D1B32050030D414 /* Utilities.swift */ = {isa = PBXFileReference; fileEncoding = 4; lastKnownFileType = sourcecode.swift; path = Utilities.swift; sourceTree = "<group>"; };
		A6CB92301D1B358E0030D414 /* CQMPHelper.swift */ = {isa = PBXFileReference; fileEncoding = 4; lastKnownFileType = sourcecode.swift; path = CQMPHelper.swift; sourceTree = "<group>"; };
		A6CB92311D1B358E0030D414 /* CQNSHelper.swift */ = {isa = PBXFileReference; fileEncoding = 4; lastKnownFileType = sourcecode.swift; path = CQNSHelper.swift; sourceTree = "<group>"; };
		A6CB92321D1B358E0030D414 /* CQStdHelper.swift */ = {isa = PBXFileReference; fileEncoding = 4; lastKnownFileType = sourcecode.swift; path = CQStdHelper.swift; sourceTree = "<group>"; };
		A6CB92331D1B358E0030D414 /* CQUIHelper.swift */ = {isa = PBXFileReference; fileEncoding = 4; lastKnownFileType = sourcecode.swift; path = CQUIHelper.swift; sourceTree = "<group>"; };
		A6CB923C1D1B64960030D414 /* Dictionary.storyboard */ = {isa = PBXFileReference; fileEncoding = 4; lastKnownFileType = file.storyboard; path = Dictionary.storyboard; sourceTree = "<group>"; };
		A6CB923E1D1B66C50030D414 /* DictionaryMainViewController.swift */ = {isa = PBXFileReference; fileEncoding = 4; lastKnownFileType = sourcecode.swift; path = DictionaryMainViewController.swift; sourceTree = "<group>"; };
		A6CB92401D1B66DF0030D414 /* NDDictionaryMainTableViewCell.swift */ = {isa = PBXFileReference; fileEncoding = 4; lastKnownFileType = sourcecode.swift; path = NDDictionaryMainTableViewCell.swift; sourceTree = "<group>"; };
		A6CB92431D1B67880030D414 /* DictionaryFile.json */ = {isa = PBXFileReference; fileEncoding = 4; lastKnownFileType = text.json; path = DictionaryFile.json; sourceTree = "<group>"; };
		A6CB92451D1B6AEA0030D414 /* NDDictionaryEntry.swift */ = {isa = PBXFileReference; fileEncoding = 4; lastKnownFileType = sourcecode.swift; path = NDDictionaryEntry.swift; sourceTree = "<group>"; };
		A6CB92481D1BFFBB0030D414 /* StringScore.swift */ = {isa = PBXFileReference; fileEncoding = 4; lastKnownFileType = sourcecode.swift; path = StringScore.swift; sourceTree = "<group>"; };
		A6CB924A1D1C5DD30030D414 /* NDDefinitionViewController.swift */ = {isa = PBXFileReference; fileEncoding = 4; lastKnownFileType = sourcecode.swift; path = NDDefinitionViewController.swift; sourceTree = "<group>"; };
/* End PBXFileReference section */

/* Begin PBXFrameworksBuildPhase section */
		A61420201D1AD5DC001C0FBD /* Frameworks */ = {
			isa = PBXFrameworksBuildPhase;
			buildActionMask = 2147483647;
			files = (
			);
			runOnlyForDeploymentPostprocessing = 0;
		};
		A6AE8AF01D1AD43E00345E2E /* Frameworks */ = {
			isa = PBXFrameworksBuildPhase;
			buildActionMask = 2147483647;
			files = (
			);
			runOnlyForDeploymentPostprocessing = 0;
		};
		A6AE8B071D1AD43E00345E2E /* Frameworks */ = {
			isa = PBXFrameworksBuildPhase;
			buildActionMask = 2147483647;
			files = (
			);
			runOnlyForDeploymentPostprocessing = 0;
		};
		A6AE8B121D1AD43E00345E2E /* Frameworks */ = {
			isa = PBXFrameworksBuildPhase;
			buildActionMask = 2147483647;
			files = (
			);
			runOnlyForDeploymentPostprocessing = 0;
		};
/* End PBXFrameworksBuildPhase section */

/* Begin PBXGroup section */
		A6AE8AEA1D1AD43E00345E2E = {
			isa = PBXGroup;
			children = (
				A6AE8AF51D1AD43E00345E2E /* Na'vi */,
				A6CB92421D1B66E60030D414 /* Na'vi Dictionary */,
				A6CB92021D1B32050030D414 /* Na'vi Keyboard */,
				A6AE8B0D1D1AD43E00345E2E /* Na'viTests */,
				A6AE8B181D1AD43E00345E2E /* Na'viUITests */,
				A6AE8AF41D1AD43E00345E2E /* Products */,
			);
			sourceTree = "<group>";
		};
		A6AE8AF41D1AD43E00345E2E /* Products */ = {
			isa = PBXGroup;
			children = (
				A6AE8AF31D1AD43E00345E2E /* Na'vi.app */,
				A6AE8B0A1D1AD43E00345E2E /* Na'viTests.xctest */,
				A6AE8B151D1AD43E00345E2E /* Na'viUITests.xctest */,
				A61420231D1AD5DC001C0FBD /* Na'vi Keyboard.appex */,
			);
			name = Products;
			sourceTree = "<group>";
		};
		A6AE8AF51D1AD43E00345E2E /* Na'vi */ = {
			isa = PBXGroup;
			children = (
				A6CB92481D1BFFBB0030D414 /* StringScore.swift */,
				A6AE8AF61D1AD43E00345E2E /* AppDelegate.swift */,
				A6AE8AF81D1AD43E00345E2E /* MainViewController.swift */,
				A6AE8AFA1D1AD43E00345E2E /* Main.storyboard */,
				A6AE8B001D1AD43E00345E2E /* Assets.xcassets */,
				A6AE8B021D1AD43E00345E2E /* LaunchScreen.storyboard */,
				A6AE8B051D1AD43E00345E2E /* Info.plist */,
				A6AE8AFD1D1AD43E00345E2E /* Na_vi.xcdatamodeld */,
			);
			path = "Na'vi";
			sourceTree = "<group>";
		};
		A6AE8B0D1D1AD43E00345E2E /* Na'viTests */ = {
			isa = PBXGroup;
			children = (
				A6AE8B0E1D1AD43E00345E2E /* Na_viTests.swift */,
				A6AE8B101D1AD43E00345E2E /* Info.plist */,
			);
			path = "Na'viTests";
			sourceTree = "<group>";
		};
		A6AE8B181D1AD43E00345E2E /* Na'viUITests */ = {
			isa = PBXGroup;
			children = (
				A6AE8B191D1AD43E00345E2E /* Na_viUITests.swift */,
				A6AE8B1B1D1AD43E00345E2E /* Info.plist */,
			);
			path = "Na'viUITests";
			sourceTree = "<group>";
		};
		A6CB92021D1B32050030D414 /* Na'vi Keyboard */ = {
			isa = PBXGroup;
			children = (
				A6CB922D1D1B33D90030D414 /* Controllers */,
				A6CB922E1D1B33FC0030D414 /* Models */,
				A6CB922F1D1B34260030D414 /* Views */,
				A6CB92031D1B32050030D414 /* Na'vi Keyboard.swift */,
				A6CB920C1D1B32050030D414 /* Info.plist */,
				A6CB92141D1B32050030D414 /* Media.xcassets */,
				A6CB92171D1B32050030D414 /* Utilities.swift */,
				A6CB92301D1B358E0030D414 /* CQMPHelper.swift */,
				A6CB92311D1B358E0030D414 /* CQNSHelper.swift */,
				A6CB92321D1B358E0030D414 /* CQStdHelper.swift */,
				A6CB92331D1B358E0030D414 /* CQUIHelper.swift */,
			);
			name = "Na'vi Keyboard";
			path = Keyboard;
			sourceTree = "<group>";
		};
		A6CB922D1D1B33D90030D414 /* Controllers */ = {
			isa = PBXGroup;
			children = (
				A6CB920A1D1B32050030D414 /* ForwardingView.swift */,
				A6CB920E1D1B32050030D414 /* KeyboardInputTraits.swift */,
				A6CB92111D1B32050030D414 /* KeyboardLayout.swift */,
				A6CB92131D1B32050030D414 /* KeyboardViewController.swift */,
			);
			name = Controllers;
			sourceTree = "<group>";
		};
		A6CB922E1D1B33FC0030D414 /* Models */ = {
			isa = PBXGroup;
			children = (
				A6CB92051D1B32050030D414 /* DefaultKeyboard.swift */,
				A6CB92081D1B32050030D414 /* DirectionEnum.swift */,
				A6CB92121D1B32050030D414 /* KeyboardModel.swift */,
			);
			name = Models;
			sourceTree = "<group>";
		};
		A6CB922F1D1B34260030D414 /* Views */ = {
			isa = PBXGroup;
			children = (
				A6CB92061D1B32050030D414 /* DefaultSettings.swift */,
				A6CB92071D1B32050030D414 /* DefaultSettings.xib */,
				A6CB92091D1B32050030D414 /* ExtraView.swift */,
				A6CB920B1D1B32050030D414 /* ImageKey.swift */,
				A6CB920D1D1B32050030D414 /* KeyboardConnector.swift */,
				A6CB920F1D1B32050030D414 /* KeyboardKey.swift */,
				A6CB92101D1B32050030D414 /* KeyboardKeyBackground.swift */,
				A6CB92161D1B32050030D414 /* Shapes.swift */,
			);
			name = Views;
			sourceTree = "<group>";
		};
		A6CB92421D1B66E60030D414 /* Na'vi Dictionary */ = {
			isa = PBXGroup;
			children = (
				A6CB923C1D1B64960030D414 /* Dictionary.storyboard */,
				A6CB923E1D1B66C50030D414 /* DictionaryMainViewController.swift */,
				A6CB92451D1B6AEA0030D414 /* NDDictionaryEntry.swift */,
				A6CB92401D1B66DF0030D414 /* NDDictionaryMainTableViewCell.swift */,
				A6CB924A1D1C5DD30030D414 /* NDDefinitionViewController.swift */,
				A6CB92431D1B67880030D414 /* DictionaryFile.json */,
			);
			name = "Na'vi Dictionary";
			path = "Na'vi";
			sourceTree = "<group>";
		};
/* End PBXGroup section */

/* Begin PBXNativeTarget section */
		A61420221D1AD5DC001C0FBD /* Na'vi Keyboard */ = {
			isa = PBXNativeTarget;
			buildConfigurationList = A614202D1D1AD5DC001C0FBD /* Build configuration list for PBXNativeTarget "Na'vi Keyboard" */;
			buildPhases = (
				A614201F1D1AD5DC001C0FBD /* Sources */,
				A61420201D1AD5DC001C0FBD /* Frameworks */,
				A61420211D1AD5DC001C0FBD /* Resources */,
			);
			buildRules = (
			);
			dependencies = (
			);
			name = "Na'vi Keyboard";
			productName = "Na'vi Keyboard";
			productReference = A61420231D1AD5DC001C0FBD /* Na'vi Keyboard.appex */;
			productType = "com.apple.product-type.app-extension";
		};
		A6AE8AF21D1AD43E00345E2E /* Na'vi */ = {
			isa = PBXNativeTarget;
			buildConfigurationList = A6AE8B1E1D1AD43E00345E2E /* Build configuration list for PBXNativeTarget "Na'vi" */;
			buildPhases = (
				A6AE8AEF1D1AD43E00345E2E /* Sources */,
				A6AE8AF01D1AD43E00345E2E /* Frameworks */,
				A6AE8AF11D1AD43E00345E2E /* Resources */,
				A614202E1D1AD5DC001C0FBD /* Embed App Extensions */,
			);
			buildRules = (
			);
			dependencies = (
				A61420291D1AD5DC001C0FBD /* PBXTargetDependency */,
			);
			name = "Na'vi";
			productName = "Na'vi";
			productReference = A6AE8AF31D1AD43E00345E2E /* Na'vi.app */;
			productType = "com.apple.product-type.application";
		};
		A6AE8B091D1AD43E00345E2E /* Na'viTests */ = {
			isa = PBXNativeTarget;
			buildConfigurationList = A6AE8B211D1AD43E00345E2E /* Build configuration list for PBXNativeTarget "Na'viTests" */;
			buildPhases = (
				A6AE8B061D1AD43E00345E2E /* Sources */,
				A6AE8B071D1AD43E00345E2E /* Frameworks */,
				A6AE8B081D1AD43E00345E2E /* Resources */,
			);
			buildRules = (
			);
			dependencies = (
				A6AE8B0C1D1AD43E00345E2E /* PBXTargetDependency */,
			);
			name = "Na'viTests";
			productName = "Na'viTests";
			productReference = A6AE8B0A1D1AD43E00345E2E /* Na'viTests.xctest */;
			productType = "com.apple.product-type.bundle.unit-test";
		};
		A6AE8B141D1AD43E00345E2E /* Na'viUITests */ = {
			isa = PBXNativeTarget;
			buildConfigurationList = A6AE8B241D1AD43E00345E2E /* Build configuration list for PBXNativeTarget "Na'viUITests" */;
			buildPhases = (
				A6AE8B111D1AD43E00345E2E /* Sources */,
				A6AE8B121D1AD43E00345E2E /* Frameworks */,
				A6AE8B131D1AD43E00345E2E /* Resources */,
			);
			buildRules = (
			);
			dependencies = (
				A6AE8B171D1AD43E00345E2E /* PBXTargetDependency */,
			);
			name = "Na'viUITests";
			productName = "Na'viUITests";
			productReference = A6AE8B151D1AD43E00345E2E /* Na'viUITests.xctest */;
			productType = "com.apple.product-type.bundle.ui-testing";
		};
/* End PBXNativeTarget section */

/* Begin PBXProject section */
		A6AE8AEB1D1AD43E00345E2E /* Project object */ = {
			isa = PBXProject;
			attributes = {
				LastSwiftUpdateCheck = 0730;
				LastUpgradeCheck = 0730;
				ORGANIZATIONNAME = CQ;
				TargetAttributes = {
					A61420221D1AD5DC001C0FBD = {
						CreatedOnToolsVersion = 7.3.1;
						DevelopmentTeam = MJS6LB37T9;
					};
					A6AE8AF21D1AD43E00345E2E = {
						CreatedOnToolsVersion = 7.3.1;
						DevelopmentTeam = MJS6LB37T9;
					};
					A6AE8B091D1AD43E00345E2E = {
						CreatedOnToolsVersion = 7.3.1;
						TestTargetID = A6AE8AF21D1AD43E00345E2E;
					};
					A6AE8B141D1AD43E00345E2E = {
						CreatedOnToolsVersion = 7.3.1;
						TestTargetID = A6AE8AF21D1AD43E00345E2E;
					};
				};
			};
			buildConfigurationList = A6AE8AEE1D1AD43E00345E2E /* Build configuration list for PBXProject "Na'vi" */;
			compatibilityVersion = "Xcode 3.2";
			developmentRegion = English;
			hasScannedForEncodings = 0;
			knownRegions = (
				en,
				Base,
			);
			mainGroup = A6AE8AEA1D1AD43E00345E2E;
			productRefGroup = A6AE8AF41D1AD43E00345E2E /* Products */;
			projectDirPath = "";
			projectRoot = "";
			targets = (
				A6AE8AF21D1AD43E00345E2E /* Na'vi */,
				A6AE8B091D1AD43E00345E2E /* Na'viTests */,
				A6AE8B141D1AD43E00345E2E /* Na'viUITests */,
				A61420221D1AD5DC001C0FBD /* Na'vi Keyboard */,
			);
		};
/* End PBXProject section */

/* Begin PBXResourcesBuildPhase section */
		A61420211D1AD5DC001C0FBD /* Resources */ = {
			isa = PBXResourcesBuildPhase;
			buildActionMask = 2147483647;
			files = (
				A6CB921C1D1B32050030D414 /* DefaultSettings.xib in Resources */,
				A6CB92291D1B32050030D414 /* Media.xcassets in Resources */,
				A6CB92211D1B32050030D414 /* Info.plist in Resources */,
			);
			runOnlyForDeploymentPostprocessing = 0;
		};
		A6AE8AF11D1AD43E00345E2E /* Resources */ = {
			isa = PBXResourcesBuildPhase;
			buildActionMask = 2147483647;
			files = (
				A6CB92471D1B71070030D414 /* DictionaryFile.json in Resources */,
				A6AE8B041D1AD43E00345E2E /* LaunchScreen.storyboard in Resources */,
				A6AE8B011D1AD43E00345E2E /* Assets.xcassets in Resources */,
				A6CB923D1D1B64960030D414 /* Dictionary.storyboard in Resources */,
				A6AE8AFC1D1AD43E00345E2E /* Main.storyboard in Resources */,
			);
			runOnlyForDeploymentPostprocessing = 0;
		};
		A6AE8B081D1AD43E00345E2E /* Resources */ = {
			isa = PBXResourcesBuildPhase;
			buildActionMask = 2147483647;
			files = (
			);
			runOnlyForDeploymentPostprocessing = 0;
		};
		A6AE8B131D1AD43E00345E2E /* Resources */ = {
			isa = PBXResourcesBuildPhase;
			buildActionMask = 2147483647;
			files = (
			);
			runOnlyForDeploymentPostprocessing = 0;
		};
/* End PBXResourcesBuildPhase section */

/* Begin PBXSourcesBuildPhase section */
		A614201F1D1AD5DC001C0FBD /* Sources */ = {
			isa = PBXSourcesBuildPhase;
			buildActionMask = 2147483647;
			files = (
				A6CB921E1D1B32050030D414 /* ExtraView.swift in Sources */,
				A6CB92231D1B32050030D414 /* KeyboardInputTraits.swift in Sources */,
				A6CB92351D1B358E0030D414 /* CQMPHelper.swift in Sources */,
				A6CB92201D1B32050030D414 /* ImageKey.swift in Sources */,
				A6CB92181D1B32050030D414 /* Na'vi Keyboard.swift in Sources */,
				A6CB921A1D1B32050030D414 /* DefaultKeyboard.swift in Sources */,
				A6CB922B1D1B32050030D414 /* Shapes.swift in Sources */,
				A6CB921B1D1B32050030D414 /* DefaultSettings.swift in Sources */,
				A6CB922C1D1B32050030D414 /* Utilities.swift in Sources */,
				A6CB92221D1B32050030D414 /* KeyboardConnector.swift in Sources */,
				A6CB92371D1B358E0030D414 /* CQNSHelper.swift in Sources */,
				A6CB92251D1B32050030D414 /* KeyboardKeyBackground.swift in Sources */,
				A6CB921D1D1B32050030D414 /* DirectionEnum.swift in Sources */,
				A6CB92241D1B32050030D414 /* KeyboardKey.swift in Sources */,
				A6CB92391D1B358E0030D414 /* CQStdHelper.swift in Sources */,
				A6CB92271D1B32050030D414 /* KeyboardModel.swift in Sources */,
				A6CB923B1D1B358E0030D414 /* CQUIHelper.swift in Sources */,
				A6CB92281D1B32050030D414 /* KeyboardViewController.swift in Sources */,
				A6CB921F1D1B32050030D414 /* ForwardingView.swift in Sources */,
				A6CB92261D1B32050030D414 /* KeyboardLayout.swift in Sources */,
			);
			runOnlyForDeploymentPostprocessing = 0;
		};
		A6AE8AEF1D1AD43E00345E2E /* Sources */ = {
			isa = PBXSourcesBuildPhase;
			buildActionMask = 2147483647;
			files = (
				A6CB92341D1B358E0030D414 /* CQMPHelper.swift in Sources */,
				A6CB92381D1B358E0030D414 /* CQStdHelper.swift in Sources */,
				A6CB924B1D1C5DD30030D414 /* NDDefinitionViewController.swift in Sources */,
				A6AE8AF91D1AD43E00345E2E /* MainViewController.swift in Sources */,
				A6CB923F1D1B66C50030D414 /* DictionaryMainViewController.swift in Sources */,
				A6CB92491D1BFFBB0030D414 /* StringScore.swift in Sources */,
				A6CB923A1D1B358E0030D414 /* CQUIHelper.swift in Sources */,
				A6CB92361D1B358E0030D414 /* CQNSHelper.swift in Sources */,
				A6AE8AF71D1AD43E00345E2E /* AppDelegate.swift in Sources */,
				A6AE8AFF1D1AD43E00345E2E /* Na_vi.xcdatamodeld in Sources */,
				A6CB92461D1B6AEA0030D414 /* NDDictionaryEntry.swift in Sources */,
				A6CB92411D1B66DF0030D414 /* NDDictionaryMainTableViewCell.swift in Sources */,
			);
			runOnlyForDeploymentPostprocessing = 0;
		};
		A6AE8B061D1AD43E00345E2E /* Sources */ = {
			isa = PBXSourcesBuildPhase;
			buildActionMask = 2147483647;
			files = (
				A6AE8B0F1D1AD43E00345E2E /* Na_viTests.swift in Sources */,
			);
			runOnlyForDeploymentPostprocessing = 0;
		};
		A6AE8B111D1AD43E00345E2E /* Sources */ = {
			isa = PBXSourcesBuildPhase;
			buildActionMask = 2147483647;
			files = (
				A6AE8B1A1D1AD43E00345E2E /* Na_viUITests.swift in Sources */,
			);
			runOnlyForDeploymentPostprocessing = 0;
		};
/* End PBXSourcesBuildPhase section */

/* Begin PBXTargetDependency section */
		A61420291D1AD5DC001C0FBD /* PBXTargetDependency */ = {
			isa = PBXTargetDependency;
			target = A61420221D1AD5DC001C0FBD /* Na'vi Keyboard */;
			targetProxy = A61420281D1AD5DC001C0FBD /* PBXContainerItemProxy */;
		};
		A6AE8B0C1D1AD43E00345E2E /* PBXTargetDependency */ = {
			isa = PBXTargetDependency;
			target = A6AE8AF21D1AD43E00345E2E /* Na'vi */;
			targetProxy = A6AE8B0B1D1AD43E00345E2E /* PBXContainerItemProxy */;
		};
		A6AE8B171D1AD43E00345E2E /* PBXTargetDependency */ = {
			isa = PBXTargetDependency;
			target = A6AE8AF21D1AD43E00345E2E /* Na'vi */;
			targetProxy = A6AE8B161D1AD43E00345E2E /* PBXContainerItemProxy */;
		};
/* End PBXTargetDependency section */

/* Begin PBXVariantGroup section */
		A6AE8AFA1D1AD43E00345E2E /* Main.storyboard */ = {
			isa = PBXVariantGroup;
			children = (
				A6AE8AFB1D1AD43E00345E2E /* Base */,
			);
			name = Main.storyboard;
			sourceTree = "<group>";
		};
		A6AE8B021D1AD43E00345E2E /* LaunchScreen.storyboard */ = {
			isa = PBXVariantGroup;
			children = (
				A6AE8B031D1AD43E00345E2E /* Base */,
			);
			name = LaunchScreen.storyboard;
			sourceTree = "<group>";
		};
/* End PBXVariantGroup section */

/* Begin XCBuildConfiguration section */
		A614202B1D1AD5DC001C0FBD /* Debug */ = {
			isa = XCBuildConfiguration;
			buildSettings = {
				CODE_SIGN_IDENTITY = "iPhone Developer";
				INFOPLIST_FILE = "Na'vi Keyboard/Info.plist";
				IPHONEOS_DEPLOYMENT_TARGET = 8.0;
				LD_RUNPATH_SEARCH_PATHS = "$(inherited) @executable_path/Frameworks @executable_path/../../Frameworks";
				PRODUCT_BUNDLE_IDENTIFIER = "CQ.Navi.Navi-Keyboard";
				PRODUCT_NAME = "$(TARGET_NAME)";
				SKIP_INSTALL = YES;
			};
			name = Debug;
		};
		A614202C1D1AD5DC001C0FBD /* Release */ = {
			isa = XCBuildConfiguration;
			buildSettings = {
				CODE_SIGN_IDENTITY = "iPhone Developer";
				INFOPLIST_FILE = "Na'vi Keyboard/Info.plist";
				IPHONEOS_DEPLOYMENT_TARGET = 8.0;
				LD_RUNPATH_SEARCH_PATHS = "$(inherited) @executable_path/Frameworks @executable_path/../../Frameworks";
				PRODUCT_BUNDLE_IDENTIFIER = "CQ.Navi.Navi-Keyboard";
				PRODUCT_NAME = "$(TARGET_NAME)";
				SKIP_INSTALL = YES;
			};
			name = Release;
		};
		A6AE8B1C1D1AD43E00345E2E /* Debug */ = {
			isa = XCBuildConfiguration;
			buildSettings = {
				ALWAYS_SEARCH_USER_PATHS = NO;
				CLANG_ANALYZER_NONNULL = YES;
				CLANG_CXX_LANGUAGE_STANDARD = "gnu++0x";
				CLANG_CXX_LIBRARY = "libc++";
				CLANG_ENABLE_MODULES = YES;
				CLANG_ENABLE_OBJC_ARC = YES;
				CLANG_WARN_BOOL_CONVERSION = YES;
				CLANG_WARN_CONSTANT_CONVERSION = YES;
				CLANG_WARN_DIRECT_OBJC_ISA_USAGE = YES_ERROR;
				CLANG_WARN_EMPTY_BODY = YES;
				CLANG_WARN_ENUM_CONVERSION = YES;
				CLANG_WARN_INT_CONVERSION = YES;
				CLANG_WARN_OBJC_ROOT_CLASS = YES_ERROR;
				CLANG_WARN_UNREACHABLE_CODE = YES;
				CLANG_WARN__DUPLICATE_METHOD_MATCH = YES;
				"CODE_SIGN_IDENTITY[sdk=iphoneos*]" = "iPhone Developer";
				COPY_PHASE_STRIP = NO;
				DEBUG_INFORMATION_FORMAT = dwarf;
				ENABLE_STRICT_OBJC_MSGSEND = YES;
				ENABLE_TESTABILITY = YES;
				GCC_C_LANGUAGE_STANDARD = gnu99;
				GCC_DYNAMIC_NO_PIC = NO;
				GCC_NO_COMMON_BLOCKS = YES;
				GCC_OPTIMIZATION_LEVEL = 0;
				GCC_PREPROCESSOR_DEFINITIONS = (
					"DEBUG=1",
					"$(inherited)",
				);
				GCC_WARN_64_TO_32_BIT_CONVERSION = YES;
				GCC_WARN_ABOUT_RETURN_TYPE = YES_ERROR;
				GCC_WARN_UNDECLARED_SELECTOR = YES;
				GCC_WARN_UNINITIALIZED_AUTOS = YES_AGGRESSIVE;
				GCC_WARN_UNUSED_FUNCTION = YES;
				GCC_WARN_UNUSED_VARIABLE = YES;
				IPHONEOS_DEPLOYMENT_TARGET = 9.3;
				MTL_ENABLE_DEBUG_INFO = YES;
				ONLY_ACTIVE_ARCH = YES;
				SDKROOT = iphoneos;
				SWIFT_OPTIMIZATION_LEVEL = "-Onone";
				TARGETED_DEVICE_FAMILY = "1,2";
			};
			name = Debug;
		};
		A6AE8B1D1D1AD43E00345E2E /* Release */ = {
			isa = XCBuildConfiguration;
			buildSettings = {
				ALWAYS_SEARCH_USER_PATHS = NO;
				CLANG_ANALYZER_NONNULL = YES;
				CLANG_CXX_LANGUAGE_STANDARD = "gnu++0x";
				CLANG_CXX_LIBRARY = "libc++";
				CLANG_ENABLE_MODULES = YES;
				CLANG_ENABLE_OBJC_ARC = YES;
				CLANG_WARN_BOOL_CONVERSION = YES;
				CLANG_WARN_CONSTANT_CONVERSION = YES;
				CLANG_WARN_DIRECT_OBJC_ISA_USAGE = YES_ERROR;
				CLANG_WARN_EMPTY_BODY = YES;
				CLANG_WARN_ENUM_CONVERSION = YES;
				CLANG_WARN_INT_CONVERSION = YES;
				CLANG_WARN_OBJC_ROOT_CLASS = YES_ERROR;
				CLANG_WARN_UNREACHABLE_CODE = YES;
				CLANG_WARN__DUPLICATE_METHOD_MATCH = YES;
				"CODE_SIGN_IDENTITY[sdk=iphoneos*]" = "iPhone Developer";
				COPY_PHASE_STRIP = NO;
				DEBUG_INFORMATION_FORMAT = "dwarf-with-dsym";
				ENABLE_NS_ASSERTIONS = NO;
				ENABLE_STRICT_OBJC_MSGSEND = YES;
				GCC_C_LANGUAGE_STANDARD = gnu99;
				GCC_NO_COMMON_BLOCKS = YES;
				GCC_WARN_64_TO_32_BIT_CONVERSION = YES;
				GCC_WARN_ABOUT_RETURN_TYPE = YES_ERROR;
				GCC_WARN_UNDECLARED_SELECTOR = YES;
				GCC_WARN_UNINITIALIZED_AUTOS = YES_AGGRESSIVE;
				GCC_WARN_UNUSED_FUNCTION = YES;
				GCC_WARN_UNUSED_VARIABLE = YES;
				IPHONEOS_DEPLOYMENT_TARGET = 9.3;
				MTL_ENABLE_DEBUG_INFO = NO;
				SDKROOT = iphoneos;
				TARGETED_DEVICE_FAMILY = "1,2";
				VALIDATE_PRODUCT = YES;
			};
			name = Release;
		};
		A6AE8B1F1D1AD43E00345E2E /* Debug */ = {
			isa = XCBuildConfiguration;
			buildSettings = {
				ASSETCATALOG_COMPILER_APPICON_NAME = AppIcon;
				CODE_SIGN_IDENTITY = "iPhone Developer";
				EMBEDDED_CONTENT_CONTAINS_SWIFT = YES;
				INFOPLIST_FILE = "Na'vi/Info.plist";
				IPHONEOS_DEPLOYMENT_TARGET = 8.0;
				LD_RUNPATH_SEARCH_PATHS = "$(inherited) @executable_path/Frameworks";
				PRODUCT_BUNDLE_IDENTIFIER = CQ.Navi;
				PRODUCT_NAME = "$(TARGET_NAME)";
			};
			name = Debug;
		};
		A6AE8B201D1AD43E00345E2E /* Release */ = {
			isa = XCBuildConfiguration;
			buildSettings = {
				ASSETCATALOG_COMPILER_APPICON_NAME = AppIcon;
				CODE_SIGN_IDENTITY = "iPhone Developer";
				EMBEDDED_CONTENT_CONTAINS_SWIFT = YES;
				INFOPLIST_FILE = "Na'vi/Info.plist";
				IPHONEOS_DEPLOYMENT_TARGET = 8.0;
				LD_RUNPATH_SEARCH_PATHS = "$(inherited) @executable_path/Frameworks";
				PRODUCT_BUNDLE_IDENTIFIER = CQ.Navi;
				PRODUCT_NAME = "$(TARGET_NAME)";
			};
			name = Release;
		};
		A6AE8B221D1AD43E00345E2E /* Debug */ = {
			isa = XCBuildConfiguration;
			buildSettings = {
				BUNDLE_LOADER = "$(TEST_HOST)";
				INFOPLIST_FILE = "Na'viTests/Info.plist";
				LD_RUNPATH_SEARCH_PATHS = "$(inherited) @executable_path/Frameworks @loader_path/Frameworks";
				PRODUCT_BUNDLE_IDENTIFIER = "CQ.Na-viTests";
				PRODUCT_NAME = "$(TARGET_NAME)";
				TEST_HOST = "$(BUILT_PRODUCTS_DIR)/Na'vi.app/Na'vi";
			};
			name = Debug;
		};
		A6AE8B231D1AD43E00345E2E /* Release */ = {
			isa = XCBuildConfiguration;
			buildSettings = {
				BUNDLE_LOADER = "$(TEST_HOST)";
				INFOPLIST_FILE = "Na'viTests/Info.plist";
				LD_RUNPATH_SEARCH_PATHS = "$(inherited) @executable_path/Frameworks @loader_path/Frameworks";
				PRODUCT_BUNDLE_IDENTIFIER = "CQ.Na-viTests";
				PRODUCT_NAME = "$(TARGET_NAME)";
				TEST_HOST = "$(BUILT_PRODUCTS_DIR)/Na'vi.app/Na'vi";
			};
			name = Release;
		};
		A6AE8B251D1AD43E00345E2E /* Debug */ = {
			isa = XCBuildConfiguration;
			buildSettings = {
				INFOPLIST_FILE = "Na'viUITests/Info.plist";
				LD_RUNPATH_SEARCH_PATHS = "$(inherited) @executable_path/Frameworks @loader_path/Frameworks";
				PRODUCT_BUNDLE_IDENTIFIER = "CQ.Na-viUITests";
				PRODUCT_NAME = "$(TARGET_NAME)";
				TEST_TARGET_NAME = "Na'vi";
			};
			name = Debug;
		};
		A6AE8B261D1AD43E00345E2E /* Release */ = {
			isa = XCBuildConfiguration;
			buildSettings = {
				INFOPLIST_FILE = "Na'viUITests/Info.plist";
				LD_RUNPATH_SEARCH_PATHS = "$(inherited) @executable_path/Frameworks @loader_path/Frameworks";
				PRODUCT_BUNDLE_IDENTIFIER = "CQ.Na-viUITests";
				PRODUCT_NAME = "$(TARGET_NAME)";
				TEST_TARGET_NAME = "Na'vi";
			};
			name = Release;
		};
/* End XCBuildConfiguration section */

/* Begin XCConfigurationList section */
		A614202D1D1AD5DC001C0FBD /* Build configuration list for PBXNativeTarget "Na'vi Keyboard" */ = {
			isa = XCConfigurationList;
			buildConfigurations = (
				A614202B1D1AD5DC001C0FBD /* Debug */,
				A614202C1D1AD5DC001C0FBD /* Release */,
			);
			defaultConfigurationIsVisible = 0;
			defaultConfigurationName = Release;
		};
		A6AE8AEE1D1AD43E00345E2E /* Build configuration list for PBXProject "Na'vi" */ = {
			isa = XCConfigurationList;
			buildConfigurations = (
				A6AE8B1C1D1AD43E00345E2E /* Debug */,
				A6AE8B1D1D1AD43E00345E2E /* Release */,
			);
			defaultConfigurationIsVisible = 0;
			defaultConfigurationName = Release;
		};
		A6AE8B1E1D1AD43E00345E2E /* Build configuration list for PBXNativeTarget "Na'vi" */ = {
			isa = XCConfigurationList;
			buildConfigurations = (
				A6AE8B1F1D1AD43E00345E2E /* Debug */,
				A6AE8B201D1AD43E00345E2E /* Release */,
			);
			defaultConfigurationIsVisible = 0;
			defaultConfigurationName = Release;
		};
		A6AE8B211D1AD43E00345E2E /* Build configuration list for PBXNativeTarget "Na'viTests" */ = {
			isa = XCConfigurationList;
			buildConfigurations = (
				A6AE8B221D1AD43E00345E2E /* Debug */,
				A6AE8B231D1AD43E00345E2E /* Release */,
			);
			defaultConfigurationIsVisible = 0;
			defaultConfigurationName = Release;
		};
		A6AE8B241D1AD43E00345E2E /* Build configuration list for PBXNativeTarget "Na'viUITests" */ = {
			isa = XCConfigurationList;
			buildConfigurations = (
				A6AE8B251D1AD43E00345E2E /* Debug */,
				A6AE8B261D1AD43E00345E2E /* Release */,
			);
			defaultConfigurationIsVisible = 0;
			defaultConfigurationName = Release;
		};
/* End XCConfigurationList section */

/* Begin XCVersionGroup section */
		A6AE8AFD1D1AD43E00345E2E /* Na_vi.xcdatamodeld */ = {
			isa = XCVersionGroup;
			children = (
				A6AE8AFE1D1AD43E00345E2E /* Na_vi.xcdatamodel */,
			);
			currentVersion = A6AE8AFE1D1AD43E00345E2E /* Na_vi.xcdatamodel */;
			path = Na_vi.xcdatamodeld;
			sourceTree = "<group>";
			versionGroupType = wrapper.xcdatamodel;
		};
/* End XCVersionGroup section */
	};
	rootObject = A6AE8AEB1D1AD43E00345E2E /* Project object */;
}
